
Microsoft Visual Studio Solution File, Format Version 12.00
# Visual Studio Version 17
VisualStudioVersion = 17.14.36414.22 d17.14
MinimumVisualStudioVersion = 10.0.40219.1
Project("{FAE04EC0-301F-11D3-BF4B-00C04F79EFBC}") = "emi", "emi\emi.csproj", "{F74586C6-5698-45A4-AAAD-EA04EDFF2781}"
EndProject
Global
	GlobalSection(SolutionConfigurationPlatforms) = preSolution
		Debug|Any CPU = Debug|Any CPU
		Release|Any CPU = Release|Any CPU
	EndGlobalSection
	GlobalSection(ProjectConfigurationPlatforms) = postSolution
		{F74586C6-5698-45A4-AAAD-EA04EDFF2781}.Debug|Any CPU.ActiveCfg = Debug|Any CPU
		{F74586C6-5698-45A4-AAAD-EA04EDFF2781}.Debug|Any CPU.Build.0 = Debug|Any CPU
		{F74586C6-5698-45A4-AAAD-EA04EDFF2781}.Release|Any CPU.ActiveCfg = Release|Any CPU
		{F74586C6-5698-45A4-AAAD-EA04EDFF2781}.Release|Any CPU.Build.0 = Release|Any CPU
	EndGlobalSection
	GlobalSection(SolutionProperties) = preSolution
		HideSolutionNode = FALSE
	EndGlobalSection
	GlobalSection(ExtensibilityGlobals) = postSolution
		SolutionGuid = {AA77B542-E17E-4572-BD70-D46E8602E55A}
	EndGlobalSection
EndGlobal
